
Microsoft Visual Studio Solution File, Format Version 12.00
# Visual Studio 15
VisualStudioVersion = 15.0.27130.2027
MinimumVisualStudioVersion = 10.0.40219.1
Project("{FAE04EC0-301F-11D3-BF4B-00C04F79EFBC}") = "ConsoleMinesweeper", "ConsoleMinesweeper\ConsoleMinesweeper.csproj", "{67D4C285-AA1F-43EB-901F-DBCA6E46773D}"
EndProject
Global
	GlobalSection(SolutionConfigurationPlatforms) = preSolution
		Debug|Any CPU = Debug|Any CPU
		Release|Any CPU = Release|Any CPU
	EndGlobalSection
	GlobalSection(ProjectConfigurationPlatforms) = postSolution
		{67D4C285-AA1F-43EB-901F-DBCA6E46773D}.Debug|Any CPU.ActiveCfg = Debug|Any CPU
		{67D4C285-AA1F-43EB-901F-DBCA6E46773D}.Debug|Any CPU.Build.0 = Debug|Any CPU
		{67D4C285-AA1F-43EB-901F-DBCA6E46773D}.Release|Any CPU.ActiveCfg = Release|Any CPU
		{67D4C285-AA1F-43EB-901F-DBCA6E46773D}.Release|Any CPU.Build.0 = Release|Any CPU
	EndGlobalSection
	GlobalSection(SolutionProperties) = preSolution
		HideSolutionNode = FALSE
	EndGlobalSection
	GlobalSection(ExtensibilityGlobals) = postSolution
		SolutionGuid = {C2714BFA-F1B4-4ECC-8C10-6EDE4DACBFED}
	EndGlobalSection
EndGlobal
